
Microsoft Visual Studio Solution File, Format Version 12.00
# Visual Studio 2013
VisualStudioVersion = 12.0.40629.0
MinimumVisualStudioVersion = 10.0.40219.1
Project("{FAE04EC0-301F-11D3-BF4B-00C04F79EFBC}") = "DocumentClustering", "DocumentClustering\DocumentClustering.csproj", "{3E615ABE-E365-4EA5-8C5C-010328B21E7E}"
EndProject
Project("{FAE04EC0-301F-11D3-BF4B-00C04F79EFBC}") = "TestDemos", "TestDemos\TestDemos.csproj", "{4E3FF22D-31A4-4679-90F0-5F13ABAEB7CF}"
EndProject
Project("{FAE04EC0-301F-11D3-BF4B-00C04F79EFBC}") = "CommonUtils", "CommonUtils\CommonUtils.csproj", "{C7DB3A54-919E-4AAC-AB4B-EAB9CC3AF0C7}"
EndProject
Global
	GlobalSection(SolutionConfigurationPlatforms) = preSolution
		Debug|Any CPU = Debug|Any CPU
		Release|Any CPU = Release|Any CPU
	EndGlobalSection
	GlobalSection(ProjectConfigurationPlatforms) = postSolution
		{3E615ABE-E365-4EA5-8C5C-010328B21E7E}.Debug|Any CPU.ActiveCfg = Debug|Any CPU
		{3E615ABE-E365-4EA5-8C5C-010328B21E7E}.Debug|Any CPU.Build.0 = Debug|Any CPU
		{3E615ABE-E365-4EA5-8C5C-010328B21E7E}.Release|Any CPU.ActiveCfg = Release|Any CPU
		{3E615ABE-E365-4EA5-8C5C-010328B21E7E}.Release|Any CPU.Build.0 = Release|Any CPU
		{4E3FF22D-31A4-4679-90F0-5F13ABAEB7CF}.Debug|Any CPU.ActiveCfg = Debug|Any CPU
		{4E3FF22D-31A4-4679-90F0-5F13ABAEB7CF}.Debug|Any CPU.Build.0 = Debug|Any CPU
		{4E3FF22D-31A4-4679-90F0-5F13ABAEB7CF}.Release|Any CPU.ActiveCfg = Release|Any CPU
		{4E3FF22D-31A4-4679-90F0-5F13ABAEB7CF}.Release|Any CPU.Build.0 = Release|Any CPU
		{C7DB3A54-919E-4AAC-AB4B-EAB9CC3AF0C7}.Debug|Any CPU.ActiveCfg = Debug|Any CPU
		{C7DB3A54-919E-4AAC-AB4B-EAB9CC3AF0C7}.Debug|Any CPU.Build.0 = Debug|Any CPU
		{C7DB3A54-919E-4AAC-AB4B-EAB9CC3AF0C7}.Release|Any CPU.ActiveCfg = Release|Any CPU
		{C7DB3A54-919E-4AAC-AB4B-EAB9CC3AF0C7}.Release|Any CPU.Build.0 = Release|Any CPU
	EndGlobalSection
	GlobalSection(SolutionProperties) = preSolution
		HideSolutionNode = FALSE
	EndGlobalSection
EndGlobal
